
Microsoft Visual Studio Solution File, Format Version 12.00
# Visual Studio Version 17
VisualStudioVersion = 17.12.35527.113 d17.12
MinimumVisualStudioVersion = 10.0.40219.1
Project("{FAE04EC0-301F-11D3-BF4B-00C04F79EFBC}") = "lab8_1", "lab8_1.csproj", "{2FBD65C3-7524-4536-9C12-2033A83B9907}"
EndProject
Global
	GlobalSection(SolutionConfigurationPlatforms) = preSolution
		Debug|Any CPU = Debug|Any CPU
		Release|Any CPU = Release|Any CPU
	EndGlobalSection
	GlobalSection(ProjectConfigurationPlatforms) = postSolution
		{2FBD65C3-7524-4536-9C12-2033A83B9907}.Debug|Any CPU.ActiveCfg = Debug|Any CPU
		{2FBD65C3-7524-4536-9C12-2033A83B9907}.Debug|Any CPU.Build.0 = Debug|Any CPU
		{2FBD65C3-7524-4536-9C12-2033A83B9907}.Release|Any CPU.ActiveCfg = Release|Any CPU
		{2FBD65C3-7524-4536-9C12-2033A83B9907}.Release|Any CPU.Build.0 = Release|Any CPU
	EndGlobalSection
	GlobalSection(SolutionProperties) = preSolution
		HideSolutionNode = FALSE
	EndGlobalSection
EndGlobal
